# This file was autogenerated by Stack.
# You should not edit this file by hand.
# For more information, please see the documentation at:
#   https://docs.haskellstack.org/en/stable/lock_files

packages:
- completed:
    hackage: th-env-0.1.0.1@sha256:960423c1951e3c36ba62d5286c7fa859095d41a309c4ea13c2d90abfe5d35bca,1171
    pantry-tree:
      size: 370
      sha256: bfbb41d856bdb5c678f678a4af9ee4a96ad9aa73460444f12d952e9901df2940
  original:
    hackage: th-env-0.1.0.1
snapshots:
- completed:
    size: 524163
    url: https://raw.githubusercontent.com/commercialhaskell/stackage-snapshots/master/lts/14/25.yaml
    sha256: 97548b4e927a8a862d4a203687ca18a3f5d2ae75b4b72c946fb29c17df1a5082
  original: lts-14.25
